
Microsoft Visual Studio Solution File, Format Version 12.00
# Visual Studio Version 16
VisualStudioVersion = 16.0.29613.14
MinimumVisualStudioVersion = 10.0.40219.1
Project("{FAE04EC0-301F-11D3-BF4B-00C04F79EFBC}") = "FlightManagerProject", "FlightManagerProject\FlightManagerProject.csproj", "{C31E7E46-7F91-44E1-9496-CDE3D77BBC90}"
EndProject
Project("{FAE04EC0-301F-11D3-BF4B-00C04F79EFBC}") = "FlightProjectTeting.UnitTest", "FlightProjectTeting.UnitTest\FlightProjectTeting.UnitTest.csproj", "{83D01D01-88DF-4EE0-9F72-94D9605C4AFF}"
EndProject
Project("{FAE04EC0-301F-11D3-BF4B-00C04F79EFBC}") = "FlightProjectWebServices", "..\WebService\FlightProjectWebServices\FlightProjectWebServices\FlightProjectWebServices.csproj", "{8B755540-D046-4BEE-BF61-4CBD0E27C63D}"
EndProject
Project("{9A19103F-16F7-4668-BE54-9A1E7A4F7556}") = "AuthServer", "..\AuthService\AuthServer\AuthServer.csproj", "{964E5352-4805-4FE6-A490-2B6225D126CF}"
EndProject
Project("{FAE04EC0-301F-11D3-BF4B-00C04F79EFBC}") = "FlightDataBaseFiller", "..\DbGenerator\FlightDataBaseFiller\FlightDataBaseFiller\FlightDataBaseFiller.csproj", "{D0C44F96-01C6-461B-A64D-9135FF31A06F}"
EndProject
Project("{FAE04EC0-301F-11D3-BF4B-00C04F79EFBC}") = "FlightsWebApp", "..\FlightsWebApp\FlightsWebApp.csproj", "{3650F4BF-B735-4A1F-9D39-4660EC142522}"
EndProject
Global
	GlobalSection(SolutionConfigurationPlatforms) = preSolution
		Debug|Any CPU = Debug|Any CPU
		Release|Any CPU = Release|Any CPU
	EndGlobalSection
	GlobalSection(ProjectConfigurationPlatforms) = postSolution
		{C31E7E46-7F91-44E1-9496-CDE3D77BBC90}.Debug|Any CPU.ActiveCfg = Debug|Any CPU
		{C31E7E46-7F91-44E1-9496-CDE3D77BBC90}.Debug|Any CPU.Build.0 = Debug|Any CPU
		{C31E7E46-7F91-44E1-9496-CDE3D77BBC90}.Release|Any CPU.ActiveCfg = Release|Any CPU
		{C31E7E46-7F91-44E1-9496-CDE3D77BBC90}.Release|Any CPU.Build.0 = Release|Any CPU
		{83D01D01-88DF-4EE0-9F72-94D9605C4AFF}.Debug|Any CPU.ActiveCfg = Debug|Any CPU
		{83D01D01-88DF-4EE0-9F72-94D9605C4AFF}.Debug|Any CPU.Build.0 = Debug|Any CPU
		{83D01D01-88DF-4EE0-9F72-94D9605C4AFF}.Release|Any CPU.ActiveCfg = Release|Any CPU
		{83D01D01-88DF-4EE0-9F72-94D9605C4AFF}.Release|Any CPU.Build.0 = Release|Any CPU
		{8B755540-D046-4BEE-BF61-4CBD0E27C63D}.Debug|Any CPU.ActiveCfg = Debug|Any CPU
		{8B755540-D046-4BEE-BF61-4CBD0E27C63D}.Debug|Any CPU.Build.0 = Debug|Any CPU
		{8B755540-D046-4BEE-BF61-4CBD0E27C63D}.Release|Any CPU.ActiveCfg = Release|Any CPU
		{8B755540-D046-4BEE-BF61-4CBD0E27C63D}.Release|Any CPU.Build.0 = Release|Any CPU
		{964E5352-4805-4FE6-A490-2B6225D126CF}.Debug|Any CPU.ActiveCfg = Debug|Any CPU
		{964E5352-4805-4FE6-A490-2B6225D126CF}.Debug|Any CPU.Build.0 = Debug|Any CPU
		{964E5352-4805-4FE6-A490-2B6225D126CF}.Release|Any CPU.ActiveCfg = Release|Any CPU
		{964E5352-4805-4FE6-A490-2B6225D126CF}.Release|Any CPU.Build.0 = Release|Any CPU
		{D0C44F96-01C6-461B-A64D-9135FF31A06F}.Debug|Any CPU.ActiveCfg = Debug|Any CPU
		{D0C44F96-01C6-461B-A64D-9135FF31A06F}.Debug|Any CPU.Build.0 = Debug|Any CPU
		{D0C44F96-01C6-461B-A64D-9135FF31A06F}.Release|Any CPU.ActiveCfg = Release|Any CPU
		{D0C44F96-01C6-461B-A64D-9135FF31A06F}.Release|Any CPU.Build.0 = Release|Any CPU
		{3650F4BF-B735-4A1F-9D39-4660EC142522}.Debug|Any CPU.ActiveCfg = Debug|Any CPU
		{3650F4BF-B735-4A1F-9D39-4660EC142522}.Debug|Any CPU.Build.0 = Debug|Any CPU
		{3650F4BF-B735-4A1F-9D39-4660EC142522}.Release|Any CPU.ActiveCfg = Release|Any CPU
		{3650F4BF-B735-4A1F-9D39-4660EC142522}.Release|Any CPU.Build.0 = Release|Any CPU
	EndGlobalSection
	GlobalSection(SolutionProperties) = preSolution
		HideSolutionNode = FALSE
	EndGlobalSection
	GlobalSection(ExtensibilityGlobals) = postSolution
		SolutionGuid = {E3925001-6D39-4246-B0AA-A85618E1A903}
	EndGlobalSection
EndGlobal
